
Microsoft Visual Studio Solution File, Format Version 11.00
# Visual Studio 2010
Project("{FAE04EC0-301F-11D3-BF4B-00C04F79EFBC}") = "FabTab", "FabTab\FabTab.csproj", "{9B2C9EEB-DAC2-4BE2-83CC-51AFA802ED4E}"
EndProject
Project("{FAE04EC0-301F-11D3-BF4B-00C04F79EFBC}") = "SampleProject", "SampleProject\SampleProject.csproj", "{43634218-DD67-4536-B69F-1D28A355CA33}"
EndProject
Global
	GlobalSection(SolutionConfigurationPlatforms) = preSolution
		Debug|Any CPU = Debug|Any CPU
		Release|Any CPU = Release|Any CPU
	EndGlobalSection
	GlobalSection(ProjectConfigurationPlatforms) = postSolution
		{9B2C9EEB-DAC2-4BE2-83CC-51AFA802ED4E}.Debug|Any CPU.ActiveCfg = Debug|Any CPU
		{9B2C9EEB-DAC2-4BE2-83CC-51AFA802ED4E}.Debug|Any CPU.Build.0 = Debug|Any CPU
		{9B2C9EEB-DAC2-4BE2-83CC-51AFA802ED4E}.Release|Any CPU.ActiveCfg = Release|Any CPU
		{9B2C9EEB-DAC2-4BE2-83CC-51AFA802ED4E}.Release|Any CPU.Build.0 = Release|Any CPU
		{43634218-DD67-4536-B69F-1D28A355CA33}.Debug|Any CPU.ActiveCfg = Debug|Any CPU
		{43634218-DD67-4536-B69F-1D28A355CA33}.Debug|Any CPU.Build.0 = Debug|Any CPU
		{43634218-DD67-4536-B69F-1D28A355CA33}.Release|Any CPU.ActiveCfg = Release|Any CPU
		{43634218-DD67-4536-B69F-1D28A355CA33}.Release|Any CPU.Build.0 = Release|Any CPU
	EndGlobalSection
	GlobalSection(SolutionProperties) = preSolution
		HideSolutionNode = FALSE
	EndGlobalSection
EndGlobal
